
Microsoft Visual Studio Solution File, Format Version 12.00
# Visual Studio Version 17
VisualStudioVersion = 17.8.34330.188
MinimumVisualStudioVersion = 10.0.40219.1
Project("{888888A0-9F3D-457C-B088-3A5042F75D52}") = "bank", "bank\bank.pyproj", "{C796F2E1-C33F-4772-A976-F2520B3FC9D2}"
EndProject
Global
	GlobalSection(SolutionConfigurationPlatforms) = preSolution
		Debug|Any CPU = Debug|Any CPU
		Release|Any CPU = Release|Any CPU
	EndGlobalSection
	GlobalSection(ProjectConfigurationPlatforms) = postSolution
		{C796F2E1-C33F-4772-A976-F2520B3FC9D2}.Debug|Any CPU.ActiveCfg = Debug|Any CPU
		{C796F2E1-C33F-4772-A976-F2520B3FC9D2}.Release|Any CPU.ActiveCfg = Release|Any CPU
	EndGlobalSection
	GlobalSection(SolutionProperties) = preSolution
		HideSolutionNode = FALSE
	EndGlobalSection
	GlobalSection(ExtensibilityGlobals) = postSolution
		SolutionGuid = {4EBA3241-C8B8-404E-8D61-BF97FD700048}
	EndGlobalSection
EndGlobal
